
Microsoft Visual Studio Solution File, Format Version 12.00
# Visual Studio Version 17
VisualStudioVersion = 17.5.002.0
MinimumVisualStudioVersion = 10.0.40219.1
Project("{9A19103F-16F7-4668-BE54-9A1E7A4F7556}") = "FooA-MiniChallenge3-5-7", "FooA-MiniChallenge3-5-7.csproj", "{50BA8B04-D092-4743-BC8E-092B3440DA63}"
EndProject
Global
	GlobalSection(SolutionConfigurationPlatforms) = preSolution
		Debug|Any CPU = Debug|Any CPU
		Release|Any CPU = Release|Any CPU
	EndGlobalSection
	GlobalSection(ProjectConfigurationPlatforms) = postSolution
		{50BA8B04-D092-4743-BC8E-092B3440DA63}.Debug|Any CPU.ActiveCfg = Debug|Any CPU
		{50BA8B04-D092-4743-BC8E-092B3440DA63}.Debug|Any CPU.Build.0 = Debug|Any CPU
		{50BA8B04-D092-4743-BC8E-092B3440DA63}.Release|Any CPU.ActiveCfg = Release|Any CPU
		{50BA8B04-D092-4743-BC8E-092B3440DA63}.Release|Any CPU.Build.0 = Release|Any CPU
	EndGlobalSection
	GlobalSection(SolutionProperties) = preSolution
		HideSolutionNode = FALSE
	EndGlobalSection
	GlobalSection(ExtensibilityGlobals) = postSolution
		SolutionGuid = {916BB9BA-9F66-4005-BD89-F980EF827E0E}
	EndGlobalSection
EndGlobal
